// !$*UTF8*$!
{
	archiveVersion = 1;
	classes = {
	};
	objectVersion = 46;
	objects = {

/* Begin PBXBuildFile section */
		41BCE6E21E66ACD90019109A /* TestNSlog.m in Sources */ = {isa = PBXBuildFile; fileRef = 41BCE6E11E66ACD90019109A /* TestNSlog.m */; };
		41F770B01E650B83001491B0 /* main.m in Sources */ = {isa = PBXBuildFile; fileRef = 41F770AF1E650B83001491B0 /* main.m */; };
		41F770B31E650B83001491B0 /* AppDelegate.m in Sources */ = {isa = PBXBuildFile; fileRef = 41F770B21E650B83001491B0 /* AppDelegate.m */; };
		41F770B61E650B83001491B0 /* ViewController.m in Sources */ = {isa = PBXBuildFile; fileRef = 41F770B51E650B83001491B0 /* ViewController.m */; };
		41F770B91E650B83001491B0 /* Main.storyboard in Resources */ = {isa = PBXBuildFile; fileRef = 41F770B71E650B83001491B0 /* Main.storyboard */; };
		41F770BB1E650B83001491B0 /* Assets.xcassets in Resources */ = {isa = PBXBuildFile; fileRef = 41F770BA1E650B83001491B0 /* Assets.xcassets */; };
		41F770BE1E650B83001491B0 /* LaunchScreen.storyboard in Resources */ = {isa = PBXBuildFile; fileRef = 41F770BC1E650B83001491B0 /* LaunchScreen.storyboard */; };
		41F770C91E650B83001491B0 /* git__Tests.m in Sources */ = {isa = PBXBuildFile; fileRef = 41F770C81E650B83001491B0 /* git__Tests.m */; };
		41F770D41E650B83001491B0 /* git__UITests.m in Sources */ = {isa = PBXBuildFile; fileRef = 41F770D31E650B83001491B0 /* git__UITests.m */; };
/* End PBXBuildFile section */

/* Begin PBXContainerItemProxy section */
		41F770C51E650B83001491B0 /* PBXContainerItemProxy */ = {
			isa = PBXContainerItemProxy;
			containerPortal = 41F770A31E650B82001491B0 /* Project object */;
			proxyType = 1;
			remoteGlobalIDString = 41F770AA1E650B82001491B0;
			remoteInfo = "git回顾";
		};
		41F770D01E650B83001491B0 /* PBXContainerItemProxy */ = {
			isa = PBXContainerItemProxy;
			containerPortal = 41F770A31E650B82001491B0 /* Project object */;
			proxyType = 1;
			remoteGlobalIDString = 41F770AA1E650B82001491B0;
			remoteInfo = "git回顾";
		};
/* End PBXContainerItemProxy section */

/* Begin PBXFileReference section */
		41BCE6E01E66ACD90019109A /* TestNSlog.h */ = {isa = PBXFileReference; fileEncoding = 4; lastKnownFileType = sourcecode.c.h; path = TestNSlog.h; sourceTree = "<group>"; };
		41BCE6E11E66ACD90019109A /* TestNSlog.m */ = {isa = PBXFileReference; fileEncoding = 4; lastKnownFileType = sourcecode.c.objc; path = TestNSlog.m; sourceTree = "<group>"; };
		41F770AB1E650B83001491B0 /* git回顾.app */ = {isa = PBXFileReference; explicitFileType = wrapper.application; includeInIndex = 0; path = "git回顾.app"; sourceTree = BUILT_PRODUCTS_DIR; };
		41F770AF1E650B83001491B0 /* main.m */ = {isa = PBXFileReference; lastKnownFileType = sourcecode.c.objc; path = main.m; sourceTree = "<group>"; };
		41F770B11E650B83001491B0 /* AppDelegate.h */ = {isa = PBXFileReference; lastKnownFileType = sourcecode.c.h; path = AppDelegate.h; sourceTree = "<group>"; };
		41F770B21E650B83001491B0 /* AppDelegate.m */ = {isa = PBXFileReference; lastKnownFileType = sourcecode.c.objc; path = AppDelegate.m; sourceTree = "<group>"; };
		41F770B41E650B83001491B0 /* ViewController.h */ = {isa = PBXFileReference; lastKnownFileType = sourcecode.c.h; path = ViewController.h; sourceTree = "<group>"; };
		41F770B51E650B83001491B0 /* ViewController.m */ = {isa = PBXFileReference; lastKnownFileType = sourcecode.c.objc; path = ViewController.m; sourceTree = "<group>"; };
		41F770B81E650B83001491B0 /* Base */ = {isa = PBXFileReference; lastKnownFileType = file.storyboard; name = Base; path = Base.lproj/Main.storyboard; sourceTree = "<group>"; };
		41F770BA1E650B83001491B0 /* Assets.xcassets */ = {isa = PBXFileReference; lastKnownFileType = folder.assetcatalog; path = Assets.xcassets; sourceTree = "<group>"; };
		41F770BD1E650B83001491B0 /* Base */ = {isa = PBXFileReference; lastKnownFileType = file.storyboard; name = Base; path = Base.lproj/LaunchScreen.storyboard; sourceTree = "<group>"; };
		41F770BF1E650B83001491B0 /* Info.plist */ = {isa = PBXFileReference; lastKnownFileType = text.plist.xml; path = Info.plist; sourceTree = "<group>"; };
		41F770C41E650B83001491B0 /* git回顾Tests.xctest */ = {isa = PBXFileReference; explicitFileType = wrapper.cfbundle; includeInIndex = 0; path = "git回顾Tests.xctest"; sourceTree = BUILT_PRODUCTS_DIR; };
		41F770C81E650B83001491B0 /* git__Tests.m */ = {isa = PBXFileReference; lastKnownFileType = sourcecode.c.objc; path = git__Tests.m; sourceTree = "<group>"; };
		41F770CA1E650B83001491B0 /* Info.plist */ = {isa = PBXFileReference; lastKnownFileType = text.plist.xml; path = Info.plist; sourceTree = "<group>"; };
		41F770CF1E650B83001491B0 /* git回顾UITests.xctest */ = {isa = PBXFileReference; explicitFileType = wrapper.cfbundle; includeInIndex = 0; path = "git回顾UITests.xctest"; sourceTree = BUILT_PRODUCTS_DIR; };
		41F770D31E650B83001491B0 /* git__UITests.m */ = {isa = PBXFileReference; lastKnownFileType = sourcecode.c.objc; path = git__UITests.m; sourceTree = "<group>"; };
		41F770D51E650B83001491B0 /* Info.plist */ = {isa = PBXFileReference; lastKnownFileType = text.plist.xml; path = Info.plist; sourceTree = "<group>"; };
/* End PBXFileReference section */

/* Begin PBXFrameworksBuildPhase section */
		41F770A81E650B82001491B0 /* Frameworks */ = {
			isa = PBXFrameworksBuildPhase;
			buildActionMask = 2147483647;
			files = (
			);
			runOnlyForDeploymentPostprocessing = 0;
		};
		41F770C11E650B83001491B0 /* Frameworks */ = {
			isa = PBXFrameworksBuildPhase;
			buildActionMask = 2147483647;
			files = (
			);
			runOnlyForDeploymentPostprocessing = 0;
		};
		41F770CC1E650B83001491B0 /* Frameworks */ = {
			isa = PBXFrameworksBuildPhase;
			buildActionMask = 2147483647;
			files = (
			);
			runOnlyForDeploymentPostprocessing = 0;
		};
/* End PBXFrameworksBuildPhase section */

/* Begin PBXGroup section */
		41BCE6DF1E66ACC40019109A /* Classes */ = {
			isa = PBXGroup;
			children = (
				41BCE6E01E66ACD90019109A /* TestNSlog.h */,
				41BCE6E11E66ACD90019109A /* TestNSlog.m */,
			);
			path = Classes;
			sourceTree = "<group>";
		};
		41F770A21E650B82001491B0 = {
			isa = PBXGroup;
			children = (
				41F770AD1E650B83001491B0 /* git回顾 */,
				41F770C71E650B83001491B0 /* git回顾Tests */,
				41F770D21E650B83001491B0 /* git回顾UITests */,
				41F770AC1E650B83001491B0 /* Products */,
			);
			sourceTree = "<group>";
		};
		41F770AC1E650B83001491B0 /* Products */ = {
			isa = PBXGroup;
			children = (
				41F770AB1E650B83001491B0 /* git回顾.app */,
				41F770C41E650B83001491B0 /* git回顾Tests.xctest */,
				41F770CF1E650B83001491B0 /* git回顾UITests.xctest */,
			);
			name = Products;
			sourceTree = "<group>";
		};
		41F770AD1E650B83001491B0 /* git回顾 */ = {
			isa = PBXGroup;
			children = (
				41BCE6DF1E66ACC40019109A /* Classes */,
				41F770B11E650B83001491B0 /* AppDelegate.h */,
				41F770B21E650B83001491B0 /* AppDelegate.m */,
				41F770B41E650B83001491B0 /* ViewController.h */,
				41F770B51E650B83001491B0 /* ViewController.m */,
				41F770B71E650B83001491B0 /* Main.storyboard */,
				41F770BA1E650B83001491B0 /* Assets.xcassets */,
				41F770BC1E650B83001491B0 /* LaunchScreen.storyboard */,
				41F770BF1E650B83001491B0 /* Info.plist */,
				41F770AE1E650B83001491B0 /* Supporting Files */,
			);
			path = "git回顾";
			sourceTree = "<group>";
		};
		41F770AE1E650B83001491B0 /* Supporting Files */ = {
			isa = PBXGroup;
			children = (
				41F770AF1E650B83001491B0 /* main.m */,
			);
			name = "Supporting Files";
			sourceTree = "<group>";
		};
		41F770C71E650B83001491B0 /* git回顾Tests */ = {
			isa = PBXGroup;
			children = (
				41F770C81E650B83001491B0 /* git__Tests.m */,
				41F770CA1E650B83001491B0 /* Info.plist */,
			);
			path = "git回顾Tests";
			sourceTree = "<group>";
		};
		41F770D21E650B83001491B0 /* git回顾UITests */ = {
			isa = PBXGroup;
			children = (
				41F770D31E650B83001491B0 /* git__UITests.m */,
				41F770D51E650B83001491B0 /* Info.plist */,
			);
			path = "git回顾UITests";
			sourceTree = "<group>";
		};
/* End PBXGroup section */

/* Begin PBXNativeTarget section */
		41F770AA1E650B82001491B0 /* git回顾 */ = {
			isa = PBXNativeTarget;
			buildConfigurationList = 41F770D81E650B83001491B0 /* Build configuration list for PBXNativeTarget "git回顾" */;
			buildPhases = (
				41F770A71E650B82001491B0 /* Sources */,
				41F770A81E650B82001491B0 /* Frameworks */,
				41F770A91E650B82001491B0 /* Resources */,
			);
			buildRules = (
			);
			dependencies = (
			);
			name = "git回顾";
			productName = "git回顾";
			productReference = 41F770AB1E650B83001491B0 /* git回顾.app */;
			productType = "com.apple.product-type.application";
		};
		41F770C31E650B83001491B0 /* git回顾Tests */ = {
			isa = PBXNativeTarget;
			buildConfigurationList = 41F770DB1E650B83001491B0 /* Build configuration list for PBXNativeTarget "git回顾Tests" */;
			buildPhases = (
				41F770C01E650B83001491B0 /* Sources */,
				41F770C11E650B83001491B0 /* Frameworks */,
				41F770C21E650B83001491B0 /* Resources */,
			);
			buildRules = (
			);
			dependencies = (
				41F770C61E650B83001491B0 /* PBXTargetDependency */,
			);
			name = "git回顾Tests";
			productName = "git回顾Tests";
			productReference = 41F770C41E650B83001491B0 /* git回顾Tests.xctest */;
			productType = "com.apple.product-type.bundle.unit-test";
		};
		41F770CE1E650B83001491B0 /* git回顾UITests */ = {
			isa = PBXNativeTarget;
			buildConfigurationList = 41F770DE1E650B83001491B0 /* Build configuration list for PBXNativeTarget "git回顾UITests" */;
			buildPhases = (
				41F770CB1E650B83001491B0 /* Sources */,
				41F770CC1E650B83001491B0 /* Frameworks */,
				41F770CD1E650B83001491B0 /* Resources */,
			);
			buildRules = (
			);
			dependencies = (
				41F770D11E650B83001491B0 /* PBXTargetDependency */,
			);
			name = "git回顾UITests";
			productName = "git回顾UITests";
			productReference = 41F770CF1E650B83001491B0 /* git回顾UITests.xctest */;
			productType = "com.apple.product-type.bundle.ui-testing";
		};
/* End PBXNativeTarget section */

/* Begin PBXProject section */
		41F770A31E650B82001491B0 /* Project object */ = {
			isa = PBXProject;
			attributes = {
				LastUpgradeCheck = 0820;
				ORGANIZATIONNAME = kuakaojiaoyu;
				TargetAttributes = {
					41F770AA1E650B82001491B0 = {
						CreatedOnToolsVersion = 8.2.1;
						DevelopmentTeam = X9RV8VH6YK;
						ProvisioningStyle = Automatic;
					};
					41F770C31E650B83001491B0 = {
						CreatedOnToolsVersion = 8.2.1;
						DevelopmentTeam = X9RV8VH6YK;
						ProvisioningStyle = Automatic;
						TestTargetID = 41F770AA1E650B82001491B0;
					};
					41F770CE1E650B83001491B0 = {
						CreatedOnToolsVersion = 8.2.1;
						DevelopmentTeam = X9RV8VH6YK;
						ProvisioningStyle = Automatic;
						TestTargetID = 41F770AA1E650B82001491B0;
					};
				};
			};
			buildConfigurationList = 41F770A61E650B82001491B0 /* Build configuration list for PBXProject "git回顾" */;
			compatibilityVersion = "Xcode 3.2";
			developmentRegion = English;
			hasScannedForEncodings = 0;
			knownRegions = (
				en,
				Base,
			);
			mainGroup = 41F770A21E650B82001491B0;
			productRefGroup = 41F770AC1E650B83001491B0 /* Products */;
			projectDirPath = "";
			projectRoot = "";
			targets = (
				41F770AA1E650B82001491B0 /* git回顾 */,
				41F770C31E650B83001491B0 /* git回顾Tests */,
				41F770CE1E650B83001491B0 /* git回顾UITests */,
			);
		};
/* End PBXProject section */

/* Begin PBXResourcesBuildPhase section */
		41F770A91E650B82001491B0 /* Resources */ = {
			isa = PBXResourcesBuildPhase;
			buildActionMask = 2147483647;
			files = (
				41F770BE1E650B83001491B0 /* LaunchScreen.storyboard in Resources */,
				41F770BB1E650B83001491B0 /* Assets.xcassets in Resources */,
				41F770B91E650B83001491B0 /* Main.storyboard in Resources */,
			);
			runOnlyForDeploymentPostprocessing = 0;
		};
		41F770C21E650B83001491B0 /* Resources */ = {
			isa = PBXResourcesBuildPhase;
			buildActionMask = 2147483647;
			files = (
			);
			runOnlyForDeploymentPostprocessing = 0;
		};
		41F770CD1E650B83001491B0 /* Resources */ = {
			isa = PBXResourcesBuildPhase;
			buildActionMask = 2147483647;
			files = (
			);
			runOnlyForDeploymentPostprocessing = 0;
		};
/* End PBXResourcesBuildPhase section */

/* Begin PBXSourcesBuildPhase section */
		41F770A71E650B82001491B0 /* Sources */ = {
			isa = PBXSourcesBuildPhase;
			buildActionMask = 2147483647;
			files = (
				41F770B61E650B83001491B0 /* ViewController.m in Sources */,
				41BCE6E21E66ACD90019109A /* TestNSlog.m in Sources */,
				41F770B31E650B83001491B0 /* AppDelegate.m in Sources */,
				41F770B01E650B83001491B0 /* main.m in Sources */,
			);
			runOnlyForDeploymentPostprocessing = 0;
		};
		41F770C01E650B83001491B0 /* Sources */ = {
			isa = PBXSourcesBuildPhase;
			buildActionMask = 2147483647;
			files = (
				41F770C91E650B83001491B0 /* git__Tests.m in Sources */,
			);
			runOnlyForDeploymentPostprocessing = 0;
		};
		41F770CB1E650B83001491B0 /* Sources */ = {
			isa = PBXSourcesBuildPhase;
			buildActionMask = 2147483647;
			files = (
				41F770D41E650B83001491B0 /* git__UITests.m in Sources */,
			);
			runOnlyForDeploymentPostprocessing = 0;
		};
/* End PBXSourcesBuildPhase section */

/* Begin PBXTargetDependency section */
		41F770C61E650B83001491B0 /* PBXTargetDependency */ = {
			isa = PBXTargetDependency;
			target = 41F770AA1E650B82001491B0 /* git回顾 */;
			targetProxy = 41F770C51E650B83001491B0 /* PBXContainerItemProxy */;
		};
		41F770D11E650B83001491B0 /* PBXTargetDependency */ = {
			isa = PBXTargetDependency;
			target = 41F770AA1E650B82001491B0 /* git回顾 */;
			targetProxy = 41F770D01E650B83001491B0 /* PBXContainerItemProxy */;
		};
/* End PBXTargetDependency section */

/* Begin PBXVariantGroup section */
		41F770B71E650B83001491B0 /* Main.storyboard */ = {
			isa = PBXVariantGroup;
			children = (
				41F770B81E650B83001491B0 /* Base */,
			);
			name = Main.storyboard;
			sourceTree = "<group>";
		};
		41F770BC1E650B83001491B0 /* LaunchScreen.storyboard */ = {
			isa = PBXVariantGroup;
			children = (
				41F770BD1E650B83001491B0 /* Base */,
			);
			name = LaunchScreen.storyboard;
			sourceTree = "<group>";
		};
/* End PBXVariantGroup section */

/* Begin XCBuildConfiguration section */
		41F770D61E650B83001491B0 /* Debug */ = {
			isa = XCBuildConfiguration;
			buildSettings = {
				ALWAYS_SEARCH_USER_PATHS = NO;
				CLANG_ANALYZER_NONNULL = YES;
				CLANG_CXX_LANGUAGE_STANDARD = "gnu++0x";
				CLANG_CXX_LIBRARY = "libc++";
				CLANG_ENABLE_MODULES = YES;
				CLANG_ENABLE_OBJC_ARC = YES;
				CLANG_WARN_BOOL_CONVERSION = YES;
				CLANG_WARN_CONSTANT_CONVERSION = YES;
				CLANG_WARN_DIRECT_OBJC_ISA_USAGE = YES_ERROR;
				CLANG_WARN_DOCUMENTATION_COMMENTS = YES;
				CLANG_WARN_EMPTY_BODY = YES;
				CLANG_WARN_ENUM_CONVERSION = YES;
				CLANG_WARN_INFINITE_RECURSION = YES;
				CLANG_WARN_INT_CONVERSION = YES;
				CLANG_WARN_OBJC_ROOT_CLASS = YES_ERROR;
				CLANG_WARN_SUSPICIOUS_MOVE = YES;
				CLANG_WARN_UNREACHABLE_CODE = YES;
				CLANG_WARN__DUPLICATE_METHOD_MATCH = YES;
				"CODE_SIGN_IDENTITY[sdk=iphoneos*]" = "iPhone Developer";
				COPY_PHASE_STRIP = NO;
				DEBUG_INFORMATION_FORMAT = dwarf;
				ENABLE_STRICT_OBJC_MSGSEND = YES;
				ENABLE_TESTABILITY = YES;
				GCC_C_LANGUAGE_STANDARD = gnu99;
				GCC_DYNAMIC_NO_PIC = NO;
				GCC_NO_COMMON_BLOCKS = YES;
				GCC_OPTIMIZATION_LEVEL = 0;
				GCC_PREPROCESSOR_DEFINITIONS = (
					"DEBUG=1",
					"$(inherited)",
				);
				GCC_WARN_64_TO_32_BIT_CONVERSION = YES;
				GCC_WARN_ABOUT_RETURN_TYPE = YES_ERROR;
				GCC_WARN_UNDECLARED_SELECTOR = YES;
				GCC_WARN_UNINITIALIZED_AUTOS = YES_AGGRESSIVE;
				GCC_WARN_UNUSED_FUNCTION = YES;
				GCC_WARN_UNUSED_VARIABLE = YES;
				IPHONEOS_DEPLOYMENT_TARGET = 10.2;
				MTL_ENABLE_DEBUG_INFO = YES;
				ONLY_ACTIVE_ARCH = YES;
				SDKROOT = iphoneos;
			};
			name = Debug;
		};
		41F770D71E650B83001491B0 /* Release */ = {
			isa = XCBuildConfiguration;
			buildSettings = {
				ALWAYS_SEARCH_USER_PATHS = NO;
				CLANG_ANALYZER_NONNULL = YES;
				CLANG_CXX_LANGUAGE_STANDARD = "gnu++0x";
				CLANG_CXX_LIBRARY = "libc++";
				CLANG_ENABLE_MODULES = YES;
				CLANG_ENABLE_OBJC_ARC = YES;
				CLANG_WARN_BOOL_CONVERSION = YES;
				CLANG_WARN_CONSTANT_CONVERSION = YES;
				CLANG_WARN_DIRECT_OBJC_ISA_USAGE = YES_ERROR;
				CLANG_WARN_DOCUMENTATION_COMMENTS = YES;
				CLANG_WARN_EMPTY_BODY = YES;
				CLANG_WARN_ENUM_CONVERSION = YES;
				CLANG_WARN_INFINITE_RECURSION = YES;
				CLANG_WARN_INT_CONVERSION = YES;
				CLANG_WARN_OBJC_ROOT_CLASS = YES_ERROR;
				CLANG_WARN_SUSPICIOUS_MOVE = YES;
				CLANG_WARN_UNREACHABLE_CODE = YES;
				CLANG_WARN__DUPLICATE_METHOD_MATCH = YES;
				"CODE_SIGN_IDENTITY[sdk=iphoneos*]" = "iPhone Developer";
				COPY_PHASE_STRIP = NO;
				DEBUG_INFORMATION_FORMAT = "dwarf-with-dsym";
				ENABLE_NS_ASSERTIONS = NO;
				ENABLE_STRICT_OBJC_MSGSEND = YES;
				GCC_C_LANGUAGE_STANDARD = gnu99;
				GCC_NO_COMMON_BLOCKS = YES;
				GCC_WARN_64_TO_32_BIT_CONVERSION = YES;
				GCC_WARN_ABOUT_RETURN_TYPE = YES_ERROR;
				GCC_WARN_UNDECLARED_SELECTOR = YES;
				GCC_WARN_UNINITIALIZED_AUTOS = YES_AGGRESSIVE;
				GCC_WARN_UNUSED_FUNCTION = YES;
				GCC_WARN_UNUSED_VARIABLE = YES;
				IPHONEOS_DEPLOYMENT_TARGET = 10.2;
				MTL_ENABLE_DEBUG_INFO = NO;
				SDKROOT = iphoneos;
				VALIDATE_PRODUCT = YES;
			};
			name = Release;
		};
		41F770D91E650B83001491B0 /* Debug */ = {
			isa = XCBuildConfiguration;
			buildSettings = {
				ASSETCATALOG_COMPILER_APPICON_NAME = AppIcon;
				DEVELOPMENT_TEAM = X9RV8VH6YK;
				INFOPLIST_FILE = "git回顾/Info.plist";
				LD_RUNPATH_SEARCH_PATHS = "$(inherited) @executable_path/Frameworks";
				PRODUCT_BUNDLE_IDENTIFIER = "kuakao.git--";
				PRODUCT_NAME = "$(TARGET_NAME)";
			};
			name = Debug;
		};
		41F770DA1E650B83001491B0 /* Release */ = {
			isa = XCBuildConfiguration;
			buildSettings = {
				ASSETCATALOG_COMPILER_APPICON_NAME = AppIcon;
				DEVELOPMENT_TEAM = X9RV8VH6YK;
				INFOPLIST_FILE = "git回顾/Info.plist";
				LD_RUNPATH_SEARCH_PATHS = "$(inherited) @executable_path/Frameworks";
				PRODUCT_BUNDLE_IDENTIFIER = "kuakao.git--";
				PRODUCT_NAME = "$(TARGET_NAME)";
			};
			name = Release;
		};
		41F770DC1E650B83001491B0 /* Debug */ = {
			isa = XCBuildConfiguration;
			buildSettings = {
				BUNDLE_LOADER = "$(TEST_HOST)";
				DEVELOPMENT_TEAM = X9RV8VH6YK;
				INFOPLIST_FILE = "git回顾Tests/Info.plist";
				LD_RUNPATH_SEARCH_PATHS = "$(inherited) @executable_path/Frameworks @loader_path/Frameworks";
				PRODUCT_BUNDLE_IDENTIFIER = "kuakao.git--Tests";
				PRODUCT_NAME = "$(TARGET_NAME)";
				TEST_HOST = "$(BUILT_PRODUCTS_DIR)/git回顾.app/git回顾";
			};
			name = Debug;
		};
		41F770DD1E650B83001491B0 /* Release */ = {
			isa = XCBuildConfiguration;
			buildSettings = {
				BUNDLE_LOADER = "$(TEST_HOST)";
				DEVELOPMENT_TEAM = X9RV8VH6YK;
				INFOPLIST_FILE = "git回顾Tests/Info.plist";
				LD_RUNPATH_SEARCH_PATHS = "$(inherited) @executable_path/Frameworks @loader_path/Frameworks";
				PRODUCT_BUNDLE_IDENTIFIER = "kuakao.git--Tests";
				PRODUCT_NAME = "$(TARGET_NAME)";
				TEST_HOST = "$(BUILT_PRODUCTS_DIR)/git回顾.app/git回顾";
			};
			name = Release;
		};
		41F770DF1E650B83001491B0 /* Debug */ = {
			isa = XCBuildConfiguration;
			buildSettings = {
				DEVELOPMENT_TEAM = X9RV8VH6YK;
				INFOPLIST_FILE = "git回顾UITests/Info.plist";
				LD_RUNPATH_SEARCH_PATHS = "$(inherited) @executable_path/Frameworks @loader_path/Frameworks";
				PRODUCT_BUNDLE_IDENTIFIER = "kuakao.git--UITests";
				PRODUCT_NAME = "$(TARGET_NAME)";
				TEST_TARGET_NAME = "git回顾";
			};
			name = Debug;
		};
		41F770E01E650B83001491B0 /* Release */ = {
			isa = XCBuildConfiguration;
			buildSettings = {
				DEVELOPMENT_TEAM = X9RV8VH6YK;
				INFOPLIST_FILE = "git回顾UITests/Info.plist";
				LD_RUNPATH_SEARCH_PATHS = "$(inherited) @executable_path/Frameworks @loader_path/Frameworks";
				PRODUCT_BUNDLE_IDENTIFIER = "kuakao.git--UITests";
				PRODUCT_NAME = "$(TARGET_NAME)";
				TEST_TARGET_NAME = "git回顾";
			};
			name = Release;
		};
/* End XCBuildConfiguration section */

/* Begin XCConfigurationList section */
		41F770A61E650B82001491B0 /* Build configuration list for PBXProject "git回顾" */ = {
			isa = XCConfigurationList;
			buildConfigurations = (
				41F770D61E650B83001491B0 /* Debug */,
				41F770D71E650B83001491B0 /* Release */,
			);
			defaultConfigurationIsVisible = 0;
			defaultConfigurationName = Release;
		};
		41F770D81E650B83001491B0 /* Build configuration list for PBXNativeTarget "git回顾" */ = {
			isa = XCConfigurationList;
			buildConfigurations = (
				41F770D91E650B83001491B0 /* Debug */,
				41F770DA1E650B83001491B0 /* Release */,
			);
			defaultConfigurationIsVisible = 0;
			defaultConfigurationName = Release;
		};
		41F770DB1E650B83001491B0 /* Build configuration list for PBXNativeTarget "git回顾Tests" */ = {
			isa = XCConfigurationList;
			buildConfigurations = (
				41F770DC1E650B83001491B0 /* Debug */,
				41F770DD1E650B83001491B0 /* Release */,
			);
			defaultConfigurationIsVisible = 0;
			defaultConfigurationName = Release;
		};
		41F770DE1E650B83001491B0 /* Build configuration list for PBXNativeTarget "git回顾UITests" */ = {
			isa = XCConfigurationList;
			buildConfigurations = (
				41F770DF1E650B83001491B0 /* Debug */,
				41F770E01E650B83001491B0 /* Release */,
			);
			defaultConfigurationIsVisible = 0;
			defaultConfigurationName = Release;
		};
/* End XCConfigurationList section */
	};
	rootObject = 41F770A31E650B82001491B0 /* Project object */;
}
